
Microsoft Visual Studio Solution File, Format Version 12.00
# Visual Studio Version 17
VisualStudioVersion = 17.3.32929.385
MinimumVisualStudioVersion = 10.0.40219.1
Project("{FAE04EC0-301F-11D3-BF4B-00C04F79EFBC}") = "BetterStaticLights", "BetterStaticLights\BetterStaticLights.csproj", "{250D0A22-1299-4F5E-AC35-4F9FBC2CC7D8}"
EndProject
Global
	GlobalSection(SolutionConfigurationPlatforms) = preSolution
		Debug|Any CPU = Debug|Any CPU
		Release|Any CPU = Release|Any CPU
	EndGlobalSection
	GlobalSection(ProjectConfigurationPlatforms) = postSolution
		{250D0A22-1299-4F5E-AC35-4F9FBC2CC7D8}.Debug|Any CPU.ActiveCfg = Debug|Any CPU
		{250D0A22-1299-4F5E-AC35-4F9FBC2CC7D8}.Debug|Any CPU.Build.0 = Debug|Any CPU
		{250D0A22-1299-4F5E-AC35-4F9FBC2CC7D8}.Release|Any CPU.ActiveCfg = Release|Any CPU
		{250D0A22-1299-4F5E-AC35-4F9FBC2CC7D8}.Release|Any CPU.Build.0 = Release|Any CPU
	EndGlobalSection
	GlobalSection(SolutionProperties) = preSolution
		HideSolutionNode = FALSE
	EndGlobalSection
	GlobalSection(ExtensibilityGlobals) = postSolution
		SolutionGuid = {F06B3F6F-E864-490A-9BE4-A9E6603CB2BE}
	EndGlobalSection
EndGlobal
